{
  "name": "bbit-reader",
  "version": "58.0.0",
  "lockfileVersion": 3,
  "requires": true,
  "packages": {
    "": {
      "name": "bbit-reader",
      "version": "58.0.0",
      "dependencies": {
        "brainflow": "^5.12.0",
        "fft.js": "*"
      }
    },
    "node_modules/brainflow": {
      "version": "5.18.1",
      "resolved": "https://registry.npmjs.org/brainflow/-/brainflow-5.18.1.tgz",
      "integrity": "sha512-lph+I2pwNlcDTLJUGQxS4jnnJ9bnM3XiPD8VHQKJgpIEADZErLKBF5fpTU+DWlcSCoFBAjc3EDCOhdOtAiHvXQ==",
      "license": "MIT",
      "dependencies": {
        "koffi": "2.5.7",
        "lodash": "4.17.21"
      }
    },
    "node_modules/fft.js": {
      "version": "4.0.4",
      "resolved": "https://registry.npmjs.org/fft.js/-/fft.js-4.0.4.tgz",
      "integrity": "sha512-f9c00hphOgeQTlDyavwTtu6RiK8AIFjD6+jvXkNkpeQ7rirK3uFWVpalkoS4LAwbdX7mfZ8aoBfFVQX1Re/8aw==",
      "license": "MIT"
    },
    "node_modules/koffi": {
      "version": "2.5.7",
      "resolved": "https://registry.npmjs.org/koffi/-/koffi-2.5.7.tgz",
      "integrity": "sha512-BQfUHG6hXJ8Wpd0kwl1n0jx3VPYN9F6yFCWEEUdyrBvb7YJBt5e762y5nQpbORkq5Tj96ZzriGIK9VCgY1qmGg==",
      "hasInstallScript": true,
      "license": "MIT"
    },
    "node_modules/lodash": {
      "version": "4.17.21",
      "resolved": "https://registry.npmjs.org/lodash/-/lodash-4.17.21.tgz",
      "integrity": "sha512-v2kDEe57lecTulaDIuNTPy3Ry4gLGJ6Z1O3vE1krgXZNrsQ+LFTGHVxVjcXPs17LhbZVGedAJv8XZ1tvj5FvSg==",
      "license": "MIT"
    }
  }
}
